
Microsoft Visual Studio Solution File, Format Version 12.00
# Visual Studio Version 17
VisualStudioVersion = 17.4.33122.133
MinimumVisualStudioVersion = 10.0.40219.1
Project("{8BC9CEB8-8B4A-11D0-8D11-00A0C91BC942}") = "TKMFCApplication221201", "TKMFCApplication221201\TKMFCApplication221201.vcxproj", "{E6CE0AAB-047C-41C1-97D9-116DC5926E4B}"
EndProject
Project("{8BC9CEB8-8B4A-11D0-8D11-00A0C91BC942}") = "TKMFCConsoleApplication221201", "TKMFCConsoleApplication221201\TKMFCConsoleApplication221201.vcxproj", "{1A481860-82A1-4642-AA2C-77EC83ED62CD}"
EndProject
Project("{8BC9CEB8-8B4A-11D0-8D11-00A0C91BC942}") = "TKWin32Application221202", "TKWin32Application221202\TKWin32Application221202.vcxproj", "{67DE2072-29E7-403F-BD99-8E7FEB340E79}"
EndProject
Global
	GlobalSection(SolutionConfigurationPlatforms) = preSolution
		Debug|x64 = Debug|x64
		Debug|x86 = Debug|x86
		Release|x64 = Release|x64
		Release|x86 = Release|x86
	EndGlobalSection
	GlobalSection(ProjectConfigurationPlatforms) = postSolution
		{E6CE0AAB-047C-41C1-97D9-116DC5926E4B}.Debug|x64.ActiveCfg = Debug|x64
		{E6CE0AAB-047C-41C1-97D9-116DC5926E4B}.Debug|x64.Build.0 = Debug|x64
		{E6CE0AAB-047C-41C1-97D9-116DC5926E4B}.Debug|x86.ActiveCfg = Debug|Win32
		{E6CE0AAB-047C-41C1-97D9-116DC5926E4B}.Debug|x86.Build.0 = Debug|Win32
		{E6CE0AAB-047C-41C1-97D9-116DC5926E4B}.Release|x64.ActiveCfg = Release|x64
		{E6CE0AAB-047C-41C1-97D9-116DC5926E4B}.Release|x64.Build.0 = Release|x64
		{E6CE0AAB-047C-41C1-97D9-116DC5926E4B}.Release|x86.ActiveCfg = Release|Win32
		{E6CE0AAB-047C-41C1-97D9-116DC5926E4B}.Release|x86.Build.0 = Release|Win32
		{1A481860-82A1-4642-AA2C-77EC83ED62CD}.Debug|x64.ActiveCfg = Debug|x64
		{1A481860-82A1-4642-AA2C-77EC83ED62CD}.Debug|x64.Build.0 = Debug|x64
		{1A481860-82A1-4642-AA2C-77EC83ED62CD}.Debug|x86.ActiveCfg = Debug|Win32
		{1A481860-82A1-4642-AA2C-77EC83ED62CD}.Debug|x86.Build.0 = Debug|Win32
		{1A481860-82A1-4642-AA2C-77EC83ED62CD}.Release|x64.ActiveCfg = Release|x64
		{1A481860-82A1-4642-AA2C-77EC83ED62CD}.Release|x64.Build.0 = Release|x64
		{1A481860-82A1-4642-AA2C-77EC83ED62CD}.Release|x86.ActiveCfg = Release|Win32
		{1A481860-82A1-4642-AA2C-77EC83ED62CD}.Release|x86.Build.0 = Release|Win32
		{67DE2072-29E7-403F-BD99-8E7FEB340E79}.Debug|x64.ActiveCfg = Debug|x64
		{67DE2072-29E7-403F-BD99-8E7FEB340E79}.Debug|x64.Build.0 = Debug|x64
		{67DE2072-29E7-403F-BD99-8E7FEB340E79}.Debug|x86.ActiveCfg = Debug|Win32
		{67DE2072-29E7-403F-BD99-8E7FEB340E79}.Debug|x86.Build.0 = Debug|Win32
		{67DE2072-29E7-403F-BD99-8E7FEB340E79}.Release|x64.ActiveCfg = Release|x64
		{67DE2072-29E7-403F-BD99-8E7FEB340E79}.Release|x64.Build.0 = Release|x64
		{67DE2072-29E7-403F-BD99-8E7FEB340E79}.Release|x86.ActiveCfg = Release|Win32
		{67DE2072-29E7-403F-BD99-8E7FEB340E79}.Release|x86.Build.0 = Release|Win32
	EndGlobalSection
	GlobalSection(SolutionProperties) = preSolution
		HideSolutionNode = FALSE
	EndGlobalSection
	GlobalSection(ExtensibilityGlobals) = postSolution
		SolutionGuid = {2EEB0408-378D-4495-8E7E-55E1ACDC40DA}
	EndGlobalSection
EndGlobal
